# This file is automatically @generated by Cargo.
# It is not intended for manual editing.
version = 3

[[package]]
name = "base64"
version = "0.13.0"
source = "registry+https://github.com/rust-lang/crates.io-index"
checksum = "904dfeac50f3cdaba28fc6f57fdcddb75f49ed61346676a78c4ffe55877802fd"

[[package]]
name = "convert-base"
version = "1.1.1"
source = "registry+https://github.com/rust-lang/crates.io-index"
checksum = "499af38f8383bc954db356eec66980ca4cda3ecb9f75755b529aa0a7671de7b7"

[[package]]
name = "five_b"
version = "0.1.0"
dependencies = [
 "base64",
 "convert-base",
]
